
Microsoft Visual Studio Solution File, Format Version 12.00
# Visual Studio Version 17
VisualStudioVersion = 17.10.35013.160
MinimumVisualStudioVersion = 10.0.40219.1
Project("{2150E333-8FDC-42A3-9474-1A3956D46DE8}") = "src", "src", "{2CD37551-8FEC-434E-86DE-B427B07BCD18}"
EndProject
Project("{9A19103F-16F7-4668-BE54-9A1E7A4F7556}") = "Domain", "src\Domain\Domain.csproj", "{3C7CA308-AE85-49C2-8827-BDDDF55C8576}"
EndProject
Global
	GlobalSection(SolutionConfigurationPlatforms) = preSolution
		Debug|Any CPU = Debug|Any CPU
		Release|Any CPU = Release|Any CPU
	EndGlobalSection
	GlobalSection(ProjectConfigurationPlatforms) = postSolution
		{3C7CA308-AE85-49C2-8827-BDDDF55C8576}.Debug|Any CPU.ActiveCfg = Debug|Any CPU
		{3C7CA308-AE85-49C2-8827-BDDDF55C8576}.Debug|Any CPU.Build.0 = Debug|Any CPU
		{3C7CA308-AE85-49C2-8827-BDDDF55C8576}.Release|Any CPU.ActiveCfg = Release|Any CPU
		{3C7CA308-AE85-49C2-8827-BDDDF55C8576}.Release|Any CPU.Build.0 = Release|Any CPU
	EndGlobalSection
	GlobalSection(SolutionProperties) = preSolution
		HideSolutionNode = FALSE
	EndGlobalSection
	GlobalSection(NestedProjects) = preSolution
		{3C7CA308-AE85-49C2-8827-BDDDF55C8576} = {2CD37551-8FEC-434E-86DE-B427B07BCD18}
	EndGlobalSection
	GlobalSection(ExtensibilityGlobals) = postSolution
		SolutionGuid = {385DFB45-4DBC-433C-986D-B6E20D9393F8}
	EndGlobalSection
EndGlobal
